
Microsoft Visual Studio Solution File, Format Version 12.00
# Visual Studio Version 16
VisualStudioVersion = 16.0.30611.23
MinimumVisualStudioVersion = 10.0.40219.1
Project("{FAE04EC0-301F-11D3-BF4B-00C04F79EFBC}") = "Prvocisla", "Prvocisla\Prvocisla.csproj", "{EF8F7B45-546B-4F0F-8976-DE038E3E209E}"
EndProject
Global
	GlobalSection(SolutionConfigurationPlatforms) = preSolution
		Debug|Any CPU = Debug|Any CPU
		Release|Any CPU = Release|Any CPU
	EndGlobalSection
	GlobalSection(ProjectConfigurationPlatforms) = postSolution
		{EF8F7B45-546B-4F0F-8976-DE038E3E209E}.Debug|Any CPU.ActiveCfg = Debug|Any CPU
		{EF8F7B45-546B-4F0F-8976-DE038E3E209E}.Debug|Any CPU.Build.0 = Debug|Any CPU
		{EF8F7B45-546B-4F0F-8976-DE038E3E209E}.Release|Any CPU.ActiveCfg = Release|Any CPU
		{EF8F7B45-546B-4F0F-8976-DE038E3E209E}.Release|Any CPU.Build.0 = Release|Any CPU
	EndGlobalSection
	GlobalSection(SolutionProperties) = preSolution
		HideSolutionNode = FALSE
	EndGlobalSection
	GlobalSection(ExtensibilityGlobals) = postSolution
		SolutionGuid = {A57ACE37-146E-4193-9145-4190673B81E8}
	EndGlobalSection
EndGlobal
